
Microsoft Visual Studio Solution File, Format Version 12.00
# Visual Studio Version 17
VisualStudioVersion = 17.14.36518.9 d17.14
MinimumVisualStudioVersion = 10.0.40219.1
Project("{FAE04EC0-301F-11D3-BF4B-00C04F79EFBC}") = "Clubbing for coders", "Clubbing for coders.csproj", "{FA2666FF-CCC6-4515-AAFF-C9BF9A1043BE}"
EndProject
Global
	GlobalSection(SolutionConfigurationPlatforms) = preSolution
		Debug|Any CPU = Debug|Any CPU
		Release|Any CPU = Release|Any CPU
	EndGlobalSection
	GlobalSection(ProjectConfigurationPlatforms) = postSolution
		{FA2666FF-CCC6-4515-AAFF-C9BF9A1043BE}.Debug|Any CPU.ActiveCfg = Debug|Any CPU
		{FA2666FF-CCC6-4515-AAFF-C9BF9A1043BE}.Debug|Any CPU.Build.0 = Debug|Any CPU
		{FA2666FF-CCC6-4515-AAFF-C9BF9A1043BE}.Release|Any CPU.ActiveCfg = Release|Any CPU
		{FA2666FF-CCC6-4515-AAFF-C9BF9A1043BE}.Release|Any CPU.Build.0 = Release|Any CPU
	EndGlobalSection
	GlobalSection(SolutionProperties) = preSolution
		HideSolutionNode = FALSE
	EndGlobalSection
	GlobalSection(ExtensibilityGlobals) = postSolution
		SolutionGuid = {406F8FC8-D8D0-472A-8EB2-81E54D81DE19}
	EndGlobalSection
EndGlobal
